
Microsoft Visual Studio Solution File, Format Version 12.00
# Visual Studio Version 16
VisualStudioVersion = 16.0.31702.278
MinimumVisualStudioVersion = 10.0.40219.1
Project("{FAE04EC0-301F-11D3-BF4B-00C04F79EFBC}") = "06.01.2022-ASP-SimpleCRUD", "06.01.2022-ASP-SimpleCRUD\06.01.2022-ASP-SimpleCRUD.csproj", "{3EE2BE1E-FCDC-403A-BCA1-AD5436AB3666}"
EndProject
Global
	GlobalSection(SolutionConfigurationPlatforms) = preSolution
		Debug|Any CPU = Debug|Any CPU
		Release|Any CPU = Release|Any CPU
	EndGlobalSection
	GlobalSection(ProjectConfigurationPlatforms) = postSolution
		{3EE2BE1E-FCDC-403A-BCA1-AD5436AB3666}.Debug|Any CPU.ActiveCfg = Debug|Any CPU
		{3EE2BE1E-FCDC-403A-BCA1-AD5436AB3666}.Debug|Any CPU.Build.0 = Debug|Any CPU
		{3EE2BE1E-FCDC-403A-BCA1-AD5436AB3666}.Release|Any CPU.ActiveCfg = Release|Any CPU
		{3EE2BE1E-FCDC-403A-BCA1-AD5436AB3666}.Release|Any CPU.Build.0 = Release|Any CPU
	EndGlobalSection
	GlobalSection(SolutionProperties) = preSolution
		HideSolutionNode = FALSE
	EndGlobalSection
	GlobalSection(ExtensibilityGlobals) = postSolution
		SolutionGuid = {2F9FA50F-156A-4EBC-84D6-4A7EC63175AD}
	EndGlobalSection
EndGlobal
